
Microsoft Visual Studio Solution File, Format Version 12.00
# Visual Studio Version 17
VisualStudioVersion = 17.5.002.0
MinimumVisualStudioVersion = 10.0.40219.1
Project("{9A19103F-16F7-4668-BE54-9A1E7A4F7556}") = "Sistema_de_Hospedagem", "Sistema_de_Hospedagem.csproj", "{9CFFC21A-E562-4160-9B49-72B384B5E6B5}"
EndProject
Global
	GlobalSection(SolutionConfigurationPlatforms) = preSolution
		Debug|Any CPU = Debug|Any CPU
		Release|Any CPU = Release|Any CPU
	EndGlobalSection
	GlobalSection(ProjectConfigurationPlatforms) = postSolution
		{9CFFC21A-E562-4160-9B49-72B384B5E6B5}.Debug|Any CPU.ActiveCfg = Debug|Any CPU
		{9CFFC21A-E562-4160-9B49-72B384B5E6B5}.Debug|Any CPU.Build.0 = Debug|Any CPU
		{9CFFC21A-E562-4160-9B49-72B384B5E6B5}.Release|Any CPU.ActiveCfg = Release|Any CPU
		{9CFFC21A-E562-4160-9B49-72B384B5E6B5}.Release|Any CPU.Build.0 = Release|Any CPU
	EndGlobalSection
	GlobalSection(SolutionProperties) = preSolution
		HideSolutionNode = FALSE
	EndGlobalSection
	GlobalSection(ExtensibilityGlobals) = postSolution
		SolutionGuid = {3A80C936-FA11-4B04-9E47-B3A337340626}
	EndGlobalSection
EndGlobal
